
Microsoft Visual Studio Solution File, Format Version 12.00
# Visual Studio Version 17
VisualStudioVersion = 17.9.34616.47
MinimumVisualStudioVersion = 10.0.40219.1
Project("{FAE04EC0-301F-11D3-BF4B-00C04F79EFBC}") = "ConsoleAppSintaxis", "ConsoleAppSintaxis.csproj", "{EDFE32F2-4348-4F24-9C94-E0B372584850}"
EndProject
Global
	GlobalSection(SolutionConfigurationPlatforms) = preSolution
		Debug|Any CPU = Debug|Any CPU
		Release|Any CPU = Release|Any CPU
	EndGlobalSection
	GlobalSection(ProjectConfigurationPlatforms) = postSolution
		{EDFE32F2-4348-4F24-9C94-E0B372584850}.Debug|Any CPU.ActiveCfg = Debug|Any CPU
		{EDFE32F2-4348-4F24-9C94-E0B372584850}.Debug|Any CPU.Build.0 = Debug|Any CPU
		{EDFE32F2-4348-4F24-9C94-E0B372584850}.Release|Any CPU.ActiveCfg = Release|Any CPU
		{EDFE32F2-4348-4F24-9C94-E0B372584850}.Release|Any CPU.Build.0 = Release|Any CPU
	EndGlobalSection
	GlobalSection(SolutionProperties) = preSolution
		HideSolutionNode = FALSE
	EndGlobalSection
	GlobalSection(ExtensibilityGlobals) = postSolution
		SolutionGuid = {EFE6FFC4-9DB5-40FD-A183-8CADCB399A75}
	EndGlobalSection
EndGlobal
